// !$*UTF8*$!
{
	archiveVersion = 1;
	classes = {
	};
	objectVersion = 51;
	objects = {

/* Begin PBXBuildFile section */
		0A2B39DD248ABCE600FC0E97 /* RecentViewController.swift in Sources */ = {isa = PBXBuildFile; fileRef = 0A2B39DC248ABCE500FC0E97 /* RecentViewController.swift */; };
		0A2B39E3248AC61B00FC0E97 /* PropertyCollectionViewCell.swift in Sources */ = {isa = PBXBuildFile; fileRef = 0A2B39E2248AC61B00FC0E97 /* PropertyCollectionViewCell.swift */; };
		0A2B39E5248ACCB900FC0E97 /* Property.swift in Sources */ = {isa = PBXBuildFile; fileRef = 0A2B39E4248ACCB900FC0E97 /* Property.swift */; };
		0A2B39E7248C207900FC0E97 /* AddPropertyViewController.swift in Sources */ = {isa = PBXBuildFile; fileRef = 0A2B39E6248C207900FC0E97 /* AddPropertyViewController.swift */; };
		0A975178248342C500DAACF4 /* AppDelegate.swift in Sources */ = {isa = PBXBuildFile; fileRef = 0A975177248342C500DAACF4 /* AppDelegate.swift */; };
		0A97517A248342C500DAACF4 /* SceneDelegate.swift in Sources */ = {isa = PBXBuildFile; fileRef = 0A975179248342C500DAACF4 /* SceneDelegate.swift */; };
		0A97517C248342C500DAACF4 /* RegisterViewController.swift in Sources */ = {isa = PBXBuildFile; fileRef = 0A97517B248342C500DAACF4 /* RegisterViewController.swift */; };
		0A97517F248342C500DAACF4 /* Main.storyboard in Resources */ = {isa = PBXBuildFile; fileRef = 0A97517D248342C500DAACF4 /* Main.storyboard */; };
		0A975181248342C700DAACF4 /* Assets.xcassets in Resources */ = {isa = PBXBuildFile; fileRef = 0A975180248342C700DAACF4 /* Assets.xcassets */; };
		0A975184248342C700DAACF4 /* LaunchScreen.storyboard in Resources */ = {isa = PBXBuildFile; fileRef = 0A975182248342C700DAACF4 /* LaunchScreen.storyboard */; };
		0A97518F248342C800DAACF4 /* AppTests.swift in Sources */ = {isa = PBXBuildFile; fileRef = 0A97518E248342C800DAACF4 /* AppTests.swift */; };
		0A97519A248342C800DAACF4 /* AppUITests.swift in Sources */ = {isa = PBXBuildFile; fileRef = 0A975199248342C800DAACF4 /* AppUITests.swift */; };
		0A9751A82483439F00DAACF4 /* GoogleService-Info.plist in Resources */ = {isa = PBXBuildFile; fileRef = 0A9751A72483439F00DAACF4 /* GoogleService-Info.plist */; };
		0A9751AA248344FC00DAACF4 /* Constants.swift in Sources */ = {isa = PBXBuildFile; fileRef = 0A9751A9248344FC00DAACF4 /* Constants.swift */; };
		0A9751B02483617200DAACF4 /* FUser.swift in Sources */ = {isa = PBXBuildFile; fileRef = 0A9751AF2483617200DAACF4 /* FUser.swift */; };
		0A9751B224836F8000DAACF4 /* Settings.swift in Sources */ = {isa = PBXBuildFile; fileRef = 0A9751B124836F8000DAACF4 /* Settings.swift */; };
		0AEA324B2494E10300F49418 /* ProgressHUD.bundle in Resources */ = {isa = PBXBuildFile; fileRef = 0AEA32492494E10300F49418 /* ProgressHUD.bundle */; };
		0AEA324C2494E10300F49418 /* ProgressHUD.m in Sources */ = {isa = PBXBuildFile; fileRef = 0AEA324A2494E10300F49418 /* ProgressHUD.m */; };
		0AEA324E2498CE6500F49418 /* IDMPhotoBrowser.framework in Frameworks */ = {isa = PBXBuildFile; fileRef = 0AEA324D2498CE6500F49418 /* IDMPhotoBrowser.framework */; };
		0AEA32502498F72B00F49418 /* Downloader.swift in Sources */ = {isa = PBXBuildFile; fileRef = 0AEA324F2498F72B00F49418 /* Downloader.swift */; };
		84FCC0DC0456502817D34879 /* Pods_AppTests.framework in Frameworks */ = {isa = PBXBuildFile; fileRef = 88AEB2AA5DC65E14B2BB99B2 /* Pods_AppTests.framework */; };
		8A051C76DD5FB7DEB9BC21D0 /* Pods_App.framework in Frameworks */ = {isa = PBXBuildFile; fileRef = 7D06BAEB703FB1AF8C050D6F /* Pods_App.framework */; };
		DA56E103D525C0699C22030E /* Pods_App_AppUITests.framework in Frameworks */ = {isa = PBXBuildFile; fileRef = D592CBB08D3C939763C94766 /* Pods_App_AppUITests.framework */; };
/* End PBXBuildFile section */

/* Begin PBXContainerItemProxy section */
		0A97518B248342C800DAACF4 /* PBXContainerItemProxy */ = {
			isa = PBXContainerItemProxy;
			containerPortal = 0A97516C248342C500DAACF4 /* Project object */;
			proxyType = 1;
			remoteGlobalIDString = 0A975173248342C500DAACF4;
			remoteInfo = App;
		};
		0A975196248342C800DAACF4 /* PBXContainerItemProxy */ = {
			isa = PBXContainerItemProxy;
			containerPortal = 0A97516C248342C500DAACF4 /* Project object */;
			proxyType = 1;
			remoteGlobalIDString = 0A975173248342C500DAACF4;
			remoteInfo = App;
		};
/* End PBXContainerItemProxy section */

/* Begin PBXFileReference section */
		0A2B39DC248ABCE500FC0E97 /* RecentViewController.swift */ = {isa = PBXFileReference; lastKnownFileType = sourcecode.swift; path = RecentViewController.swift; sourceTree = "<group>"; };
		0A2B39E2248AC61B00FC0E97 /* PropertyCollectionViewCell.swift */ = {isa = PBXFileReference; lastKnownFileType = sourcecode.swift; path = PropertyCollectionViewCell.swift; sourceTree = "<group>"; };
		0A2B39E4248ACCB900FC0E97 /* Property.swift */ = {isa = PBXFileReference; lastKnownFileType = sourcecode.swift; path = Property.swift; sourceTree = "<group>"; };
		0A2B39E6248C207900FC0E97 /* AddPropertyViewController.swift */ = {isa = PBXFileReference; lastKnownFileType = sourcecode.swift; path = AddPropertyViewController.swift; sourceTree = "<group>"; };
		0A975174248342C500DAACF4 /* App.app */ = {isa = PBXFileReference; explicitFileType = wrapper.application; includeInIndex = 0; path = App.app; sourceTree = BUILT_PRODUCTS_DIR; };
		0A975177248342C500DAACF4 /* AppDelegate.swift */ = {isa = PBXFileReference; lastKnownFileType = sourcecode.swift; path = AppDelegate.swift; sourceTree = "<group>"; };
		0A975179248342C500DAACF4 /* SceneDelegate.swift */ = {isa = PBXFileReference; lastKnownFileType = sourcecode.swift; path = SceneDelegate.swift; sourceTree = "<group>"; };
		0A97517B248342C500DAACF4 /* RegisterViewController.swift */ = {isa = PBXFileReference; lastKnownFileType = sourcecode.swift; path = RegisterViewController.swift; sourceTree = "<group>"; };
		0A97517E248342C500DAACF4 /* Base */ = {isa = PBXFileReference; lastKnownFileType = file.storyboard; name = Base; path = Base.lproj/Main.storyboard; sourceTree = "<group>"; };
		0A975180248342C700DAACF4 /* Assets.xcassets */ = {isa = PBXFileReference; lastKnownFileType = folder.assetcatalog; path = Assets.xcassets; sourceTree = "<group>"; };
		0A975183248342C700DAACF4 /* Base */ = {isa = PBXFileReference; lastKnownFileType = file.storyboard; name = Base; path = Base.lproj/LaunchScreen.storyboard; sourceTree = "<group>"; };
		0A975185248342C700DAACF4 /* Info.plist */ = {isa = PBXFileReference; lastKnownFileType = text.plist.xml; path = Info.plist; sourceTree = "<group>"; };
		0A97518A248342C800DAACF4 /* AppTests.xctest */ = {isa = PBXFileReference; explicitFileType = wrapper.cfbundle; includeInIndex = 0; path = AppTests.xctest; sourceTree = BUILT_PRODUCTS_DIR; };
		0A97518E248342C800DAACF4 /* AppTests.swift */ = {isa = PBXFileReference; lastKnownFileType = sourcecode.swift; path = AppTests.swift; sourceTree = "<group>"; };
		0A975190248342C800DAACF4 /* Info.plist */ = {isa = PBXFileReference; lastKnownFileType = text.plist.xml; path = Info.plist; sourceTree = "<group>"; };
		0A975195248342C800DAACF4 /* AppUITests.xctest */ = {isa = PBXFileReference; explicitFileType = wrapper.cfbundle; includeInIndex = 0; path = AppUITests.xctest; sourceTree = BUILT_PRODUCTS_DIR; };
		0A975199248342C800DAACF4 /* AppUITests.swift */ = {isa = PBXFileReference; lastKnownFileType = sourcecode.swift; path = AppUITests.swift; sourceTree = "<group>"; };
		0A97519B248342C800DAACF4 /* Info.plist */ = {isa = PBXFileReference; lastKnownFileType = text.plist.xml; path = Info.plist; sourceTree = "<group>"; };
		0A9751A72483439F00DAACF4 /* GoogleService-Info.plist */ = {isa = PBXFileReference; fileEncoding = 4; lastKnownFileType = text.plist.xml; path = "GoogleService-Info.plist"; sourceTree = "<group>"; };
		0A9751A9248344FC00DAACF4 /* Constants.swift */ = {isa = PBXFileReference; lastKnownFileType = sourcecode.swift; path = Constants.swift; sourceTree = "<group>"; };
		0A9751AB2483455600DAACF4 /* App-Bridging-Header.h */ = {isa = PBXFileReference; lastKnownFileType = sourcecode.c.h; path = "App-Bridging-Header.h"; sourceTree = "<group>"; };
		0A9751AF2483617200DAACF4 /* FUser.swift */ = {isa = PBXFileReference; lastKnownFileType = sourcecode.swift; path = FUser.swift; sourceTree = "<group>"; };
		0A9751B124836F8000DAACF4 /* Settings.swift */ = {isa = PBXFileReference; lastKnownFileType = sourcecode.swift; path = Settings.swift; sourceTree = "<group>"; };
		0AEA32482494E10300F49418 /* ProgressHUD.h */ = {isa = PBXFileReference; fileEncoding = 4; lastKnownFileType = sourcecode.c.h; path = ProgressHUD.h; sourceTree = "<group>"; };
		0AEA32492494E10300F49418 /* ProgressHUD.bundle */ = {isa = PBXFileReference; lastKnownFileType = "wrapper.plug-in"; path = ProgressHUD.bundle; sourceTree = "<group>"; };
		0AEA324A2494E10300F49418 /* ProgressHUD.m */ = {isa = PBXFileReference; fileEncoding = 4; lastKnownFileType = sourcecode.c.objc; path = ProgressHUD.m; sourceTree = "<group>"; };
		0AEA324D2498CE6500F49418 /* IDMPhotoBrowser.framework */ = {isa = PBXFileReference; explicitFileType = wrapper.framework; path = IDMPhotoBrowser.framework; sourceTree = BUILT_PRODUCTS_DIR; };
		0AEA324F2498F72B00F49418 /* Downloader.swift */ = {isa = PBXFileReference; lastKnownFileType = sourcecode.swift; path = Downloader.swift; sourceTree = "<group>"; };
		1A6BEC9F1E3E2E4882EA9420 /* Pods-App.release.xcconfig */ = {isa = PBXFileReference; includeInIndex = 1; lastKnownFileType = text.xcconfig; name = "Pods-App.release.xcconfig"; path = "Target Support Files/Pods-App/Pods-App.release.xcconfig"; sourceTree = "<group>"; };
		393C339890B491A173D905F6 /* Pods-AppTests.release.xcconfig */ = {isa = PBXFileReference; includeInIndex = 1; lastKnownFileType = text.xcconfig; name = "Pods-AppTests.release.xcconfig"; path = "Target Support Files/Pods-AppTests/Pods-AppTests.release.xcconfig"; sourceTree = "<group>"; };
		4A495D6A43EB41D16BBB482F /* Pods-AppTests.debug.xcconfig */ = {isa = PBXFileReference; includeInIndex = 1; lastKnownFileType = text.xcconfig; name = "Pods-AppTests.debug.xcconfig"; path = "Target Support Files/Pods-AppTests/Pods-AppTests.debug.xcconfig"; sourceTree = "<group>"; };
		54AF8F1F1571A148C3620D41 /* Pods-App.debug.xcconfig */ = {isa = PBXFileReference; includeInIndex = 1; lastKnownFileType = text.xcconfig; name = "Pods-App.debug.xcconfig"; path = "Target Support Files/Pods-App/Pods-App.debug.xcconfig"; sourceTree = "<group>"; };
		7D06BAEB703FB1AF8C050D6F /* Pods_App.framework */ = {isa = PBXFileReference; explicitFileType = wrapper.framework; includeInIndex = 0; path = Pods_App.framework; sourceTree = BUILT_PRODUCTS_DIR; };
		837DE0F94EF72F07651CC880 /* Pods-App-AppUITests.debug.xcconfig */ = {isa = PBXFileReference; includeInIndex = 1; lastKnownFileType = text.xcconfig; name = "Pods-App-AppUITests.debug.xcconfig"; path = "Target Support Files/Pods-App-AppUITests/Pods-App-AppUITests.debug.xcconfig"; sourceTree = "<group>"; };
		88AEB2AA5DC65E14B2BB99B2 /* Pods_AppTests.framework */ = {isa = PBXFileReference; explicitFileType = wrapper.framework; includeInIndex = 0; path = Pods_AppTests.framework; sourceTree = BUILT_PRODUCTS_DIR; };
		89F1896220092F6712A7F104 /* Pods-App-AppUITests.release.xcconfig */ = {isa = PBXFileReference; includeInIndex = 1; lastKnownFileType = text.xcconfig; name = "Pods-App-AppUITests.release.xcconfig"; path = "Target Support Files/Pods-App-AppUITests/Pods-App-AppUITests.release.xcconfig"; sourceTree = "<group>"; };
		D592CBB08D3C939763C94766 /* Pods_App_AppUITests.framework */ = {isa = PBXFileReference; explicitFileType = wrapper.framework; includeInIndex = 0; path = Pods_App_AppUITests.framework; sourceTree = BUILT_PRODUCTS_DIR; };
/* End PBXFileReference section */

/* Begin PBXFrameworksBuildPhase section */
		0A975171248342C500DAACF4 /* Frameworks */ = {
			isa = PBXFrameworksBuildPhase;
			buildActionMask = 2147483647;
			files = (
				0AEA324E2498CE6500F49418 /* IDMPhotoBrowser.framework in Frameworks */,
				8A051C76DD5FB7DEB9BC21D0 /* Pods_App.framework in Frameworks */,
			);
			runOnlyForDeploymentPostprocessing = 0;
		};
		0A975187248342C700DAACF4 /* Frameworks */ = {
			isa = PBXFrameworksBuildPhase;
			buildActionMask = 2147483647;
			files = (
				84FCC0DC0456502817D34879 /* Pods_AppTests.framework in Frameworks */,
			);
			runOnlyForDeploymentPostprocessing = 0;
		};
		0A975192248342C800DAACF4 /* Frameworks */ = {
			isa = PBXFrameworksBuildPhase;
			buildActionMask = 2147483647;
			files = (
				DA56E103D525C0699C22030E /* Pods_App_AppUITests.framework in Frameworks */,
			);
			runOnlyForDeploymentPostprocessing = 0;
		};
/* End PBXFrameworksBuildPhase section */

/* Begin PBXGroup section */
		0A2B39DF248ABD1F00FC0E97 /* Settings */ = {
			isa = PBXGroup;
			children = (
				0A9751A9248344FC00DAACF4 /* Constants.swift */,
				0A9751B124836F8000DAACF4 /* Settings.swift */,
				0AEA324F2498F72B00F49418 /* Downloader.swift */,
			);
			path = Settings;
			sourceTree = "<group>";
		};
		0A2B39E0248ABD3700FC0E97 /* Model */ = {
			isa = PBXGroup;
			children = (
				0A9751AF2483617200DAACF4 /* FUser.swift */,
				0A2B39E4248ACCB900FC0E97 /* Property.swift */,
			);
			path = Model;
			sourceTree = "<group>";
		};
		0A2B39E1248ABD4900FC0E97 /* Register */ = {
			isa = PBXGroup;
			children = (
				0A97517B248342C500DAACF4 /* RegisterViewController.swift */,
			);
			path = Register;
			sourceTree = "<group>";
		};
		0A97516B248342C500DAACF4 = {
			isa = PBXGroup;
			children = (
				0A975176248342C500DAACF4 /* App */,
				0A97518D248342C800DAACF4 /* AppTests */,
				0A975198248342C800DAACF4 /* AppUITests */,
				0A975175248342C500DAACF4 /* Products */,
				827F26A2B8D11E75B8E7BEA6 /* Pods */,
				8DECB7F3E49712C205E136D5 /* Frameworks */,
			);
			sourceTree = "<group>";
		};
		0A975175248342C500DAACF4 /* Products */ = {
			isa = PBXGroup;
			children = (
				0A975174248342C500DAACF4 /* App.app */,
				0A97518A248342C800DAACF4 /* AppTests.xctest */,
				0A975195248342C800DAACF4 /* AppUITests.xctest */,
			);
			name = Products;
			sourceTree = "<group>";
		};
		0A975176248342C500DAACF4 /* App */ = {
			isa = PBXGroup;
			children = (
				0A975177248342C500DAACF4 /* AppDelegate.swift */,
				0A975179248342C500DAACF4 /* SceneDelegate.swift */,
				0A2B39DC248ABCE500FC0E97 /* RecentViewController.swift */,
				0A2B39E6248C207900FC0E97 /* AddPropertyViewController.swift */,
				0A2B39E2248AC61B00FC0E97 /* PropertyCollectionViewCell.swift */,
				0A2B39DF248ABD1F00FC0E97 /* Settings */,
				0A2B39E1248ABD4900FC0E97 /* Register */,
				0A2B39E0248ABD3700FC0E97 /* Model */,
				0A97517D248342C500DAACF4 /* Main.storyboard */,
				0A975180248342C700DAACF4 /* Assets.xcassets */,
				0A975182248342C700DAACF4 /* LaunchScreen.storyboard */,
				0A9751A72483439F00DAACF4 /* GoogleService-Info.plist */,
				0A975185248342C700DAACF4 /* Info.plist */,
				0A9751AB2483455600DAACF4 /* App-Bridging-Header.h */,
				0AEA32472494E10300F49418 /* ProgressHUD */,
			);
			path = App;
			sourceTree = "<group>";
		};
		0A97518D248342C800DAACF4 /* AppTests */ = {
			isa = PBXGroup;
			children = (
				0A97518E248342C800DAACF4 /* AppTests.swift */,
				0A975190248342C800DAACF4 /* Info.plist */,
			);
			path = AppTests;
			sourceTree = "<group>";
		};
		0A975198248342C800DAACF4 /* AppUITests */ = {
			isa = PBXGroup;
			children = (
				0A975199248342C800DAACF4 /* AppUITests.swift */,
				0A97519B248342C800DAACF4 /* Info.plist */,
			);
			path = AppUITests;
			sourceTree = "<group>";
		};
		0AEA32472494E10300F49418 /* ProgressHUD */ = {
			isa = PBXGroup;
			children = (
				0AEA32482494E10300F49418 /* ProgressHUD.h */,
				0AEA32492494E10300F49418 /* ProgressHUD.bundle */,
				0AEA324A2494E10300F49418 /* ProgressHUD.m */,
			);
			path = ProgressHUD;
			sourceTree = SOURCE_ROOT;
		};
		827F26A2B8D11E75B8E7BEA6 /* Pods */ = {
			isa = PBXGroup;
			children = (
				54AF8F1F1571A148C3620D41 /* Pods-App.debug.xcconfig */,
				1A6BEC9F1E3E2E4882EA9420 /* Pods-App.release.xcconfig */,
				837DE0F94EF72F07651CC880 /* Pods-App-AppUITests.debug.xcconfig */,
				89F1896220092F6712A7F104 /* Pods-App-AppUITests.release.xcconfig */,
				4A495D6A43EB41D16BBB482F /* Pods-AppTests.debug.xcconfig */,
				393C339890B491A173D905F6 /* Pods-AppTests.release.xcconfig */,
			);
			path = Pods;
			sourceTree = "<group>";
		};
		8DECB7F3E49712C205E136D5 /* Frameworks */ = {
			isa = PBXGroup;
			children = (
				0AEA324D2498CE6500F49418 /* IDMPhotoBrowser.framework */,
				7D06BAEB703FB1AF8C050D6F /* Pods_App.framework */,
				D592CBB08D3C939763C94766 /* Pods_App_AppUITests.framework */,
				88AEB2AA5DC65E14B2BB99B2 /* Pods_AppTests.framework */,
			);
			name = Frameworks;
			sourceTree = "<group>";
		};
/* End PBXGroup section */

/* Begin PBXNativeTarget section */
		0A975173248342C500DAACF4 /* App */ = {
			isa = PBXNativeTarget;
			buildConfigurationList = 0A97519E248342C800DAACF4 /* Build configuration list for PBXNativeTarget "App" */;
			buildPhases = (
				B85D1045BB4FB1EDA654C2C7 /* [CP] Check Pods Manifest.lock */,
				0A975170248342C500DAACF4 /* Sources */,
				0A975171248342C500DAACF4 /* Frameworks */,
				0A975172248342C500DAACF4 /* Resources */,
				8535A78E8C65E4CBAACB47FF /* [CP] Embed Pods Frameworks */,
			);
			buildRules = (
			);
			dependencies = (
			);
			name = App;
			productName = App;
			productReference = 0A975174248342C500DAACF4 /* App.app */;
			productType = "com.apple.product-type.application";
		};
		0A975189248342C700DAACF4 /* AppTests */ = {
			isa = PBXNativeTarget;
			buildConfigurationList = 0A9751A1248342C800DAACF4 /* Build configuration list for PBXNativeTarget "AppTests" */;
			buildPhases = (
				F9B3FF8D9D86B4DAC96100D3 /* [CP] Check Pods Manifest.lock */,
				0A975186248342C700DAACF4 /* Sources */,
				0A975187248342C700DAACF4 /* Frameworks */,
				0A975188248342C700DAACF4 /* Resources */,
			);
			buildRules = (
			);
			dependencies = (
				0A97518C248342C800DAACF4 /* PBXTargetDependency */,
			);
			name = AppTests;
			productName = AppTests;
			productReference = 0A97518A248342C800DAACF4 /* AppTests.xctest */;
			productType = "com.apple.product-type.bundle.unit-test";
		};
		0A975194248342C800DAACF4 /* AppUITests */ = {
			isa = PBXNativeTarget;
			buildConfigurationList = 0A9751A4248342C800DAACF4 /* Build configuration list for PBXNativeTarget "AppUITests" */;
			buildPhases = (
				E41B6E1D70CBF9D2CF331622 /* [CP] Check Pods Manifest.lock */,
				0A975191248342C800DAACF4 /* Sources */,
				0A975192248342C800DAACF4 /* Frameworks */,
				0A975193248342C800DAACF4 /* Resources */,
				55611C1A7869ED34D148D787 /* [CP] Embed Pods Frameworks */,
			);
			buildRules = (
			);
			dependencies = (
				0A975197248342C800DAACF4 /* PBXTargetDependency */,
			);
			name = AppUITests;
			productName = AppUITests;
			productReference = 0A975195248342C800DAACF4 /* AppUITests.xctest */;
			productType = "com.apple.product-type.bundle.ui-testing";
		};
/* End PBXNativeTarget section */

/* Begin PBXProject section */
		0A97516C248342C500DAACF4 /* Project object */ = {
			isa = PBXProject;
			attributes = {
				LastSwiftUpdateCheck = 1130;
				LastUpgradeCheck = 1130;
				ORGANIZATIONNAME = "Siddiqur Rahmnan";
				TargetAttributes = {
					0A975173248342C500DAACF4 = {
						CreatedOnToolsVersion = 11.3.1;
						LastSwiftMigration = 1130;
					};
					0A975189248342C700DAACF4 = {
						CreatedOnToolsVersion = 11.3.1;
						TestTargetID = 0A975173248342C500DAACF4;
					};
					0A975194248342C800DAACF4 = {
						CreatedOnToolsVersion = 11.3.1;
						TestTargetID = 0A975173248342C500DAACF4;
					};
				};
			};
			buildConfigurationList = 0A97516F248342C500DAACF4 /* Build configuration list for PBXProject "App" */;
			compatibilityVersion = "Xcode 9.3";
			developmentRegion = en;
			hasScannedForEncodings = 0;
			knownRegions = (
				en,
				Base,
			);
			mainGroup = 0A97516B248342C500DAACF4;
			productRefGroup = 0A975175248342C500DAACF4 /* Products */;
			projectDirPath = "";
			projectRoot = "";
			targets = (
				0A975173248342C500DAACF4 /* App */,
				0A975189248342C700DAACF4 /* AppTests */,
				0A975194248342C800DAACF4 /* AppUITests */,
			);
		};
/* End PBXProject section */

/* Begin PBXResourcesBuildPhase section */
		0A975172248342C500DAACF4 /* Resources */ = {
			isa = PBXResourcesBuildPhase;
			buildActionMask = 2147483647;
			files = (
				0A975184248342C700DAACF4 /* LaunchScreen.storyboard in Resources */,
				0A9751A82483439F00DAACF4 /* GoogleService-Info.plist in Resources */,
				0A975181248342C700DAACF4 /* Assets.xcassets in Resources */,
				0AEA324B2494E10300F49418 /* ProgressHUD.bundle in Resources */,
				0A97517F248342C500DAACF4 /* Main.storyboard in Resources */,
			);
			runOnlyForDeploymentPostprocessing = 0;
		};
		0A975188248342C700DAACF4 /* Resources */ = {
			isa = PBXResourcesBuildPhase;
			buildActionMask = 2147483647;
			files = (
			);
			runOnlyForDeploymentPostprocessing = 0;
		};
		0A975193248342C800DAACF4 /* Resources */ = {
			isa = PBXResourcesBuildPhase;
			buildActionMask = 2147483647;
			files = (
			);
			runOnlyForDeploymentPostprocessing = 0;
		};
/* End PBXResourcesBuildPhase section */

/* Begin PBXShellScriptBuildPhase section */
		55611C1A7869ED34D148D787 /* [CP] Embed Pods Frameworks */ = {
			isa = PBXShellScriptBuildPhase;
			buildActionMask = 2147483647;
			files = (
			);
			inputFileListPaths = (
				"${PODS_ROOT}/Target Support Files/Pods-App-AppUITests/Pods-App-AppUITests-frameworks-${CONFIGURATION}-input-files.xcfilelist",
			);
			name = "[CP] Embed Pods Frameworks";
			outputFileListPaths = (
				"${PODS_ROOT}/Target Support Files/Pods-App-AppUITests/Pods-App-AppUITests-frameworks-${CONFIGURATION}-output-files.xcfilelist",
			);
			runOnlyForDeploymentPostprocessing = 0;
			shellPath = /bin/sh;
			shellScript = "\"${PODS_ROOT}/Target Support Files/Pods-App-AppUITests/Pods-App-AppUITests-frameworks.sh\"\n";
			showEnvVarsInLog = 0;
		};
		8535A78E8C65E4CBAACB47FF /* [CP] Embed Pods Frameworks */ = {
			isa = PBXShellScriptBuildPhase;
			buildActionMask = 2147483647;
			files = (
			);
			inputFileListPaths = (
				"${PODS_ROOT}/Target Support Files/Pods-App/Pods-App-frameworks-${CONFIGURATION}-input-files.xcfilelist",
			);
			name = "[CP] Embed Pods Frameworks";
			outputFileListPaths = (
				"${PODS_ROOT}/Target Support Files/Pods-App/Pods-App-frameworks-${CONFIGURATION}-output-files.xcfilelist",
			);
			runOnlyForDeploymentPostprocessing = 0;
			shellPath = /bin/sh;
			shellScript = "\"${PODS_ROOT}/Target Support Files/Pods-App/Pods-App-frameworks.sh\"\n";
			showEnvVarsInLog = 0;
		};
		B85D1045BB4FB1EDA654C2C7 /* [CP] Check Pods Manifest.lock */ = {
			isa = PBXShellScriptBuildPhase;
			buildActionMask = 2147483647;
			files = (
			);
			inputFileListPaths = (
			);
			inputPaths = (
				"${PODS_PODFILE_DIR_PATH}/Podfile.lock",
				"${PODS_ROOT}/Manifest.lock",
			);
			name = "[CP] Check Pods Manifest.lock";
			outputFileListPaths = (
			);
			outputPaths = (
				"$(DERIVED_FILE_DIR)/Pods-App-checkManifestLockResult.txt",
			);
			runOnlyForDeploymentPostprocessing = 0;
			shellPath = /bin/sh;
			shellScript = "diff \"${PODS_PODFILE_DIR_PATH}/Podfile.lock\" \"${PODS_ROOT}/Manifest.lock\" > /dev/null\nif [ $? != 0 ] ; then\n    # print error to STDERR\n    echo \"error: The sandbox is not in sync with the Podfile.lock. Run 'pod install' or update your CocoaPods installation.\" >&2\n    exit 1\nfi\n# This output is used by Xcode 'outputs' to avoid re-running this script phase.\necho \"SUCCESS\" > \"${SCRIPT_OUTPUT_FILE_0}\"\n";
			showEnvVarsInLog = 0;
		};
		E41B6E1D70CBF9D2CF331622 /* [CP] Check Pods Manifest.lock */ = {
			isa = PBXShellScriptBuildPhase;
			buildActionMask = 2147483647;
			files = (
			);
			inputFileListPaths = (
			);
			inputPaths = (
				"${PODS_PODFILE_DIR_PATH}/Podfile.lock",
				"${PODS_ROOT}/Manifest.lock",
			);
			name = "[CP] Check Pods Manifest.lock";
			outputFileListPaths = (
			);
			outputPaths = (
				"$(DERIVED_FILE_DIR)/Pods-App-AppUITests-checkManifestLockResult.txt",
			);
			runOnlyForDeploymentPostprocessing = 0;
			shellPath = /bin/sh;
			shellScript = "diff \"${PODS_PODFILE_DIR_PATH}/Podfile.lock\" \"${PODS_ROOT}/Manifest.lock\" > /dev/null\nif [ $? != 0 ] ; then\n    # print error to STDERR\n    echo \"error: The sandbox is not in sync with the Podfile.lock. Run 'pod install' or update your CocoaPods installation.\" >&2\n    exit 1\nfi\n# This output is used by Xcode 'outputs' to avoid re-running this script phase.\necho \"SUCCESS\" > \"${SCRIPT_OUTPUT_FILE_0}\"\n";
			showEnvVarsInLog = 0;
		};
		F9B3FF8D9D86B4DAC96100D3 /* [CP] Check Pods Manifest.lock */ = {
			isa = PBXShellScriptBuildPhase;
			buildActionMask = 2147483647;
			files = (
			);
			inputFileListPaths = (
			);
			inputPaths = (
				"${PODS_PODFILE_DIR_PATH}/Podfile.lock",
				"${PODS_ROOT}/Manifest.lock",
			);
			name = "[CP] Check Pods Manifest.lock";
			outputFileListPaths = (
			);
			outputPaths = (
				"$(DERIVED_FILE_DIR)/Pods-AppTests-checkManifestLockResult.txt",
			);
			runOnlyForDeploymentPostprocessing = 0;
			shellPath = /bin/sh;
			shellScript = "diff \"${PODS_PODFILE_DIR_PATH}/Podfile.lock\" \"${PODS_ROOT}/Manifest.lock\" > /dev/null\nif [ $? != 0 ] ; then\n    # print error to STDERR\n    echo \"error: The sandbox is not in sync with the Podfile.lock. Run 'pod install' or update your CocoaPods installation.\" >&2\n    exit 1\nfi\n# This output is used by Xcode 'outputs' to avoid re-running this script phase.\necho \"SUCCESS\" > \"${SCRIPT_OUTPUT_FILE_0}\"\n";
			showEnvVarsInLog = 0;
		};
/* End PBXShellScriptBuildPhase section */

/* Begin PBXSourcesBuildPhase section */
		0A975170248342C500DAACF4 /* Sources */ = {
			isa = PBXSourcesBuildPhase;
			buildActionMask = 2147483647;
			files = (
				0A2B39E5248ACCB900FC0E97 /* Property.swift in Sources */,
				0A9751B224836F8000DAACF4 /* Settings.swift in Sources */,
				0AEA32502498F72B00F49418 /* Downloader.swift in Sources */,
				0A2B39DD248ABCE600FC0E97 /* RecentViewController.swift in Sources */,
				0A2B39E7248C207900FC0E97 /* AddPropertyViewController.swift in Sources */,
				0A9751B02483617200DAACF4 /* FUser.swift in Sources */,
				0A97517C248342C500DAACF4 /* RegisterViewController.swift in Sources */,
				0AEA324C2494E10300F49418 /* ProgressHUD.m in Sources */,
				0A975178248342C500DAACF4 /* AppDelegate.swift in Sources */,
				0A97517A248342C500DAACF4 /* SceneDelegate.swift in Sources */,
				0A2B39E3248AC61B00FC0E97 /* PropertyCollectionViewCell.swift in Sources */,
				0A9751AA248344FC00DAACF4 /* Constants.swift in Sources */,
			);
			runOnlyForDeploymentPostprocessing = 0;
		};
		0A975186248342C700DAACF4 /* Sources */ = {
			isa = PBXSourcesBuildPhase;
			buildActionMask = 2147483647;
			files = (
				0A97518F248342C800DAACF4 /* AppTests.swift in Sources */,
			);
			runOnlyForDeploymentPostprocessing = 0;
		};
		0A975191248342C800DAACF4 /* Sources */ = {
			isa = PBXSourcesBuildPhase;
			buildActionMask = 2147483647;
			files = (
				0A97519A248342C800DAACF4 /* AppUITests.swift in Sources */,
			);
			runOnlyForDeploymentPostprocessing = 0;
		};
/* End PBXSourcesBuildPhase section */

/* Begin PBXTargetDependency section */
		0A97518C248342C800DAACF4 /* PBXTargetDependency */ = {
			isa = PBXTargetDependency;
			target = 0A975173248342C500DAACF4 /* App */;
			targetProxy = 0A97518B248342C800DAACF4 /* PBXContainerItemProxy */;
		};
		0A975197248342C800DAACF4 /* PBXTargetDependency */ = {
			isa = PBXTargetDependency;
			target = 0A975173248342C500DAACF4 /* App */;
			targetProxy = 0A975196248342C800DAACF4 /* PBXContainerItemProxy */;
		};
/* End PBXTargetDependency section */

/* Begin PBXVariantGroup section */
		0A97517D248342C500DAACF4 /* Main.storyboard */ = {
			isa = PBXVariantGroup;
			children = (
				0A97517E248342C500DAACF4 /* Base */,
			);
			name = Main.storyboard;
			sourceTree = "<group>";
		};
		0A975182248342C700DAACF4 /* LaunchScreen.storyboard */ = {
			isa = PBXVariantGroup;
			children = (
				0A975183248342C700DAACF4 /* Base */,
			);
			name = LaunchScreen.storyboard;
			sourceTree = "<group>";
		};
/* End PBXVariantGroup section */

/* Begin XCBuildConfiguration section */
		0A97519C248342C800DAACF4 /* Debug */ = {
			isa = XCBuildConfiguration;
			buildSettings = {
				ALWAYS_SEARCH_USER_PATHS = NO;
				CLANG_ANALYZER_NONNULL = YES;
				CLANG_ANALYZER_NUMBER_OBJECT_CONVERSION = YES_AGGRESSIVE;
				CLANG_CXX_LANGUAGE_STANDARD = "gnu++14";
				CLANG_CXX_LIBRARY = "libc++";
				CLANG_ENABLE_MODULES = YES;
				CLANG_ENABLE_OBJC_ARC = YES;
				CLANG_ENABLE_OBJC_WEAK = YES;
				CLANG_WARN_BLOCK_CAPTURE_AUTORELEASING = YES;
				CLANG_WARN_BOOL_CONVERSION = YES;
				CLANG_WARN_COMMA = YES;
				CLANG_WARN_CONSTANT_CONVERSION = YES;
				CLANG_WARN_DEPRECATED_OBJC_IMPLEMENTATIONS = YES;
				CLANG_WARN_DIRECT_OBJC_ISA_USAGE = YES_ERROR;
				CLANG_WARN_DOCUMENTATION_COMMENTS = YES;
				CLANG_WARN_EMPTY_BODY = YES;
				CLANG_WARN_ENUM_CONVERSION = YES;
				CLANG_WARN_INFINITE_RECURSION = YES;
				CLANG_WARN_INT_CONVERSION = YES;
				CLANG_WARN_NON_LITERAL_NULL_CONVERSION = YES;
				CLANG_WARN_OBJC_IMPLICIT_RETAIN_SELF = YES;
				CLANG_WARN_OBJC_LITERAL_CONVERSION = YES;
				CLANG_WARN_OBJC_ROOT_CLASS = YES_ERROR;
				CLANG_WARN_RANGE_LOOP_ANALYSIS = YES;
				CLANG_WARN_STRICT_PROTOTYPES = YES;
				CLANG_WARN_SUSPICIOUS_MOVE = YES;
				CLANG_WARN_UNGUARDED_AVAILABILITY = YES_AGGRESSIVE;
				CLANG_WARN_UNREACHABLE_CODE = YES;
				CLANG_WARN__DUPLICATE_METHOD_MATCH = YES;
				COPY_PHASE_STRIP = NO;
				DEBUG_INFORMATION_FORMAT = dwarf;
				ENABLE_STRICT_OBJC_MSGSEND = YES;
				ENABLE_TESTABILITY = YES;
				GCC_C_LANGUAGE_STANDARD = gnu11;
				GCC_DYNAMIC_NO_PIC = NO;
				GCC_NO_COMMON_BLOCKS = YES;
				GCC_OPTIMIZATION_LEVEL = 0;
				GCC_PREPROCESSOR_DEFINITIONS = (
					"DEBUG=1",
					"$(inherited)",
				);
				GCC_WARN_64_TO_32_BIT_CONVERSION = YES;
				GCC_WARN_ABOUT_RETURN_TYPE = YES_ERROR;
				GCC_WARN_UNDECLARED_SELECTOR = YES;
				GCC_WARN_UNINITIALIZED_AUTOS = YES_AGGRESSIVE;
				GCC_WARN_UNUSED_FUNCTION = YES;
				GCC_WARN_UNUSED_VARIABLE = YES;
				IPHONEOS_DEPLOYMENT_TARGET = 13.2;
				MTL_ENABLE_DEBUG_INFO = INCLUDE_SOURCE;
				MTL_FAST_MATH = YES;
				ONLY_ACTIVE_ARCH = YES;
				SDKROOT = iphoneos;
				SWIFT_ACTIVE_COMPILATION_CONDITIONS = DEBUG;
				SWIFT_OPTIMIZATION_LEVEL = "-Onone";
			};
			name = Debug;
		};
		0A97519D248342C800DAACF4 /* Release */ = {
			isa = XCBuildConfiguration;
			buildSettings = {
				ALWAYS_SEARCH_USER_PATHS = NO;
				CLANG_ANALYZER_NONNULL = YES;
				CLANG_ANALYZER_NUMBER_OBJECT_CONVERSION = YES_AGGRESSIVE;
				CLANG_CXX_LANGUAGE_STANDARD = "gnu++14";
				CLANG_CXX_LIBRARY = "libc++";
				CLANG_ENABLE_MODULES = YES;
				CLANG_ENABLE_OBJC_ARC = YES;
				CLANG_ENABLE_OBJC_WEAK = YES;
				CLANG_WARN_BLOCK_CAPTURE_AUTORELEASING = YES;
				CLANG_WARN_BOOL_CONVERSION = YES;
				CLANG_WARN_COMMA = YES;
				CLANG_WARN_CONSTANT_CONVERSION = YES;
				CLANG_WARN_DEPRECATED_OBJC_IMPLEMENTATIONS = YES;
				CLANG_WARN_DIRECT_OBJC_ISA_USAGE = YES_ERROR;
				CLANG_WARN_DOCUMENTATION_COMMENTS = YES;
				CLANG_WARN_EMPTY_BODY = YES;
				CLANG_WARN_ENUM_CONVERSION = YES;
				CLANG_WARN_INFINITE_RECURSION = YES;
				CLANG_WARN_INT_CONVERSION = YES;
				CLANG_WARN_NON_LITERAL_NULL_CONVERSION = YES;
				CLANG_WARN_OBJC_IMPLICIT_RETAIN_SELF = YES;
				CLANG_WARN_OBJC_LITERAL_CONVERSION = YES;
				CLANG_WARN_OBJC_ROOT_CLASS = YES_ERROR;
				CLANG_WARN_RANGE_LOOP_ANALYSIS = YES;
				CLANG_WARN_STRICT_PROTOTYPES = YES;
				CLANG_WARN_SUSPICIOUS_MOVE = YES;
				CLANG_WARN_UNGUARDED_AVAILABILITY = YES_AGGRESSIVE;
				CLANG_WARN_UNREACHABLE_CODE = YES;
				CLANG_WARN__DUPLICATE_METHOD_MATCH = YES;
				COPY_PHASE_STRIP = NO;
				DEBUG_INFORMATION_FORMAT = "dwarf-with-dsym";
				ENABLE_NS_ASSERTIONS = NO;
				ENABLE_STRICT_OBJC_MSGSEND = YES;
				GCC_C_LANGUAGE_STANDARD = gnu11;
				GCC_NO_COMMON_BLOCKS = YES;
				GCC_WARN_64_TO_32_BIT_CONVERSION = YES;
				GCC_WARN_ABOUT_RETURN_TYPE = YES_ERROR;
				GCC_WARN_UNDECLARED_SELECTOR = YES;
				GCC_WARN_UNINITIALIZED_AUTOS = YES_AGGRESSIVE;
				GCC_WARN_UNUSED_FUNCTION = YES;
				GCC_WARN_UNUSED_VARIABLE = YES;
				IPHONEOS_DEPLOYMENT_TARGET = 13.2;
				MTL_ENABLE_DEBUG_INFO = NO;
				MTL_FAST_MATH = YES;
				SDKROOT = iphoneos;
				SWIFT_COMPILATION_MODE = wholemodule;
				SWIFT_OPTIMIZATION_LEVEL = "-O";
				VALIDATE_PRODUCT = YES;
			};
			name = Release;
		};
		0A97519F248342C800DAACF4 /* Debug */ = {
			isa = XCBuildConfiguration;
			baseConfigurationReference = 54AF8F1F1571A148C3620D41 /* Pods-App.debug.xcconfig */;
			buildSettings = {
				ASSETCATALOG_COMPILER_APPICON_NAME = AppIcon;
				CLANG_ENABLE_MODULES = YES;
				CODE_SIGN_STYLE = Automatic;
				DEVELOPMENT_TEAM = JL6TJLHUHK;
				INFOPLIST_FILE = App/Info.plist;
				LD_RUNPATH_SEARCH_PATHS = (
					"$(inherited)",
					"@executable_path/Frameworks",
				);
				PRODUCT_BUNDLE_IDENTIFIER = dev.msr.App;
				PRODUCT_NAME = "$(TARGET_NAME)";
				SWIFT_OBJC_BRIDGING_HEADER = "App/App-Bridging-Header.h";
				SWIFT_OPTIMIZATION_LEVEL = "-Onone";
				SWIFT_VERSION = 5.0;
				TARGETED_DEVICE_FAMILY = "1,2";
			};
			name = Debug;
		};
		0A9751A0248342C800DAACF4 /* Release */ = {
			isa = XCBuildConfiguration;
			baseConfigurationReference = 1A6BEC9F1E3E2E4882EA9420 /* Pods-App.release.xcconfig */;
			buildSettings = {
				ASSETCATALOG_COMPILER_APPICON_NAME = AppIcon;
				CLANG_ENABLE_MODULES = YES;
				CODE_SIGN_STYLE = Automatic;
				DEVELOPMENT_TEAM = JL6TJLHUHK;
				INFOPLIST_FILE = App/Info.plist;
				LD_RUNPATH_SEARCH_PATHS = (
					"$(inherited)",
					"@executable_path/Frameworks",
				);
				PRODUCT_BUNDLE_IDENTIFIER = dev.msr.App;
				PRODUCT_NAME = "$(TARGET_NAME)";
				SWIFT_OBJC_BRIDGING_HEADER = "App/App-Bridging-Header.h";
				SWIFT_VERSION = 5.0;
				TARGETED_DEVICE_FAMILY = "1,2";
			};
			name = Release;
		};
		0A9751A2248342C800DAACF4 /* Debug */ = {
			isa = XCBuildConfiguration;
			baseConfigurationReference = 4A495D6A43EB41D16BBB482F /* Pods-AppTests.debug.xcconfig */;
			buildSettings = {
				ALWAYS_EMBED_SWIFT_STANDARD_LIBRARIES = YES;
				BUNDLE_LOADER = "$(TEST_HOST)";
				CODE_SIGN_STYLE = Automatic;
				DEVELOPMENT_TEAM = JL6TJLHUHK;
				INFOPLIST_FILE = AppTests/Info.plist;
				IPHONEOS_DEPLOYMENT_TARGET = 13.2;
				LD_RUNPATH_SEARCH_PATHS = (
					"$(inherited)",
					"@executable_path/Frameworks",
					"@loader_path/Frameworks",
				);
				PRODUCT_BUNDLE_IDENTIFIER = dev.msr.AppTests;
				PRODUCT_NAME = "$(TARGET_NAME)";
				SWIFT_VERSION = 5.0;
				TARGETED_DEVICE_FAMILY = "1,2";
				TEST_HOST = "$(BUILT_PRODUCTS_DIR)/App.app/App";
			};
			name = Debug;
		};
		0A9751A3248342C800DAACF4 /* Release */ = {
			isa = XCBuildConfiguration;
			baseConfigurationReference = 393C339890B491A173D905F6 /* Pods-AppTests.release.xcconfig */;
			buildSettings = {
				ALWAYS_EMBED_SWIFT_STANDARD_LIBRARIES = YES;
				BUNDLE_LOADER = "$(TEST_HOST)";
				CODE_SIGN_STYLE = Automatic;
				DEVELOPMENT_TEAM = JL6TJLHUHK;
				INFOPLIST_FILE = AppTests/Info.plist;
				IPHONEOS_DEPLOYMENT_TARGET = 13.2;
				LD_RUNPATH_SEARCH_PATHS = (
					"$(inherited)",
					"@executable_path/Frameworks",
					"@loader_path/Frameworks",
				);
				PRODUCT_BUNDLE_IDENTIFIER = dev.msr.AppTests;
				PRODUCT_NAME = "$(TARGET_NAME)";
				SWIFT_VERSION = 5.0;
				TARGETED_DEVICE_FAMILY = "1,2";
				TEST_HOST = "$(BUILT_PRODUCTS_DIR)/App.app/App";
			};
			name = Release;
		};
		0A9751A5248342C800DAACF4 /* Debug */ = {
			isa = XCBuildConfiguration;
			baseConfigurationReference = 837DE0F94EF72F07651CC880 /* Pods-App-AppUITests.debug.xcconfig */;
			buildSettings = {
				ALWAYS_EMBED_SWIFT_STANDARD_LIBRARIES = YES;
				CODE_SIGN_STYLE = Automatic;
				DEVELOPMENT_TEAM = JL6TJLHUHK;
				INFOPLIST_FILE = AppUITests/Info.plist;
				LD_RUNPATH_SEARCH_PATHS = (
					"$(inherited)",
					"@executable_path/Frameworks",
					"@loader_path/Frameworks",
				);
				PRODUCT_BUNDLE_IDENTIFIER = dev.msr.AppUITests;
				PRODUCT_NAME = "$(TARGET_NAME)";
				SWIFT_VERSION = 5.0;
				TARGETED_DEVICE_FAMILY = "1,2";
				TEST_TARGET_NAME = App;
			};
			name = Debug;
		};
		0A9751A6248342C800DAACF4 /* Release */ = {
			isa = XCBuildConfiguration;
			baseConfigurationReference = 89F1896220092F6712A7F104 /* Pods-App-AppUITests.release.xcconfig */;
			buildSettings = {
				ALWAYS_EMBED_SWIFT_STANDARD_LIBRARIES = YES;
				CODE_SIGN_STYLE = Automatic;
				DEVELOPMENT_TEAM = JL6TJLHUHK;
				INFOPLIST_FILE = AppUITests/Info.plist;
				LD_RUNPATH_SEARCH_PATHS = (
					"$(inherited)",
					"@executable_path/Frameworks",
					"@loader_path/Frameworks",
				);
				PRODUCT_BUNDLE_IDENTIFIER = dev.msr.AppUITests;
				PRODUCT_NAME = "$(TARGET_NAME)";
				SWIFT_VERSION = 5.0;
				TARGETED_DEVICE_FAMILY = "1,2";
				TEST_TARGET_NAME = App;
			};
			name = Release;
		};
/* End XCBuildConfiguration section */

/* Begin XCConfigurationList section */
		0A97516F248342C500DAACF4 /* Build configuration list for PBXProject "App" */ = {
			isa = XCConfigurationList;
			buildConfigurations = (
				0A97519C248342C800DAACF4 /* Debug */,
				0A97519D248342C800DAACF4 /* Release */,
			);
			defaultConfigurationIsVisible = 0;
			defaultConfigurationName = Release;
		};
		0A97519E248342C800DAACF4 /* Build configuration list for PBXNativeTarget "App" */ = {
			isa = XCConfigurationList;
			buildConfigurations = (
				0A97519F248342C800DAACF4 /* Debug */,
				0A9751A0248342C800DAACF4 /* Release */,
			);
			defaultConfigurationIsVisible = 0;
			defaultConfigurationName = Release;
		};
		0A9751A1248342C800DAACF4 /* Build configuration list for PBXNativeTarget "AppTests" */ = {
			isa = XCConfigurationList;
			buildConfigurations = (
				0A9751A2248342C800DAACF4 /* Debug */,
				0A9751A3248342C800DAACF4 /* Release */,
			);
			defaultConfigurationIsVisible = 0;
			defaultConfigurationName = Release;
		};
		0A9751A4248342C800DAACF4 /* Build configuration list for PBXNativeTarget "AppUITests" */ = {
			isa = XCConfigurationList;
			buildConfigurations = (
				0A9751A5248342C800DAACF4 /* Debug */,
				0A9751A6248342C800DAACF4 /* Release */,
			);
			defaultConfigurationIsVisible = 0;
			defaultConfigurationName = Release;
		};
/* End XCConfigurationList section */
	};
	rootObject = 0A97516C248342C500DAACF4 /* Project object */;
}
